
Microsoft Visual Studio Solution File, Format Version 12.00
# Visual Studio Version 17
VisualStudioVersion = 17.4.33213.308
MinimumVisualStudioVersion = 10.0.40219.1
Project("{FAE04EC0-301F-11D3-BF4B-00C04F79EFBC}") = "AppBuscaCEP.Android", "AppBuscaCEP\AppBuscaCEP.Android\AppBuscaCEP.Android.csproj", "{5BFF88EB-7139-4CA5-B267-213572E8EEAC}"
EndProject
Project("{FAE04EC0-301F-11D3-BF4B-00C04F79EFBC}") = "AppBuscaCEP", "AppBuscaCEP\AppBuscaCEP\AppBuscaCEP.csproj", "{CA53E51B-8EAF-46E9-9316-2895DD16059B}"
EndProject
Global
	GlobalSection(SolutionConfigurationPlatforms) = preSolution
		Debug|Any CPU = Debug|Any CPU
		Release|Any CPU = Release|Any CPU
	EndGlobalSection
	GlobalSection(ProjectConfigurationPlatforms) = postSolution
		{5BFF88EB-7139-4CA5-B267-213572E8EEAC}.Debug|Any CPU.ActiveCfg = Debug|Any CPU
		{5BFF88EB-7139-4CA5-B267-213572E8EEAC}.Debug|Any CPU.Build.0 = Debug|Any CPU
		{5BFF88EB-7139-4CA5-B267-213572E8EEAC}.Debug|Any CPU.Deploy.0 = Debug|Any CPU
		{5BFF88EB-7139-4CA5-B267-213572E8EEAC}.Release|Any CPU.ActiveCfg = Release|Any CPU
		{5BFF88EB-7139-4CA5-B267-213572E8EEAC}.Release|Any CPU.Build.0 = Release|Any CPU
		{5BFF88EB-7139-4CA5-B267-213572E8EEAC}.Release|Any CPU.Deploy.0 = Release|Any CPU
		{CA53E51B-8EAF-46E9-9316-2895DD16059B}.Debug|Any CPU.ActiveCfg = Debug|Any CPU
		{CA53E51B-8EAF-46E9-9316-2895DD16059B}.Debug|Any CPU.Build.0 = Debug|Any CPU
		{CA53E51B-8EAF-46E9-9316-2895DD16059B}.Debug|Any CPU.Deploy.0 = Debug|Any CPU
		{CA53E51B-8EAF-46E9-9316-2895DD16059B}.Release|Any CPU.ActiveCfg = Release|Any CPU
		{CA53E51B-8EAF-46E9-9316-2895DD16059B}.Release|Any CPU.Build.0 = Release|Any CPU
		{CA53E51B-8EAF-46E9-9316-2895DD16059B}.Release|Any CPU.Deploy.0 = Release|Any CPU
	EndGlobalSection
	GlobalSection(SolutionProperties) = preSolution
		HideSolutionNode = FALSE
	EndGlobalSection
	GlobalSection(ExtensibilityGlobals) = postSolution
		SolutionGuid = {287406C2-52EA-442D-BCAD-CEECA8BFEF71}
	EndGlobalSection
EndGlobal
